
Microsoft Visual Studio Solution File, Format Version 12.00
# Visual Studio Version 16
VisualStudioVersion = 16.0.30406.217
MinimumVisualStudioVersion = 10.0.40219.1
Project("{9A19103F-16F7-4668-BE54-9A1E7A4F7556}") = "devboost.dronedelivery", "devboost.dronedelivery\devboost.dronedelivery.csproj", "{498E5837-E00B-48C7-BC6C-67AAAE047E7B}"
EndProject
Project("{9A19103F-16F7-4668-BE54-9A1E7A4F7556}") = "GeoLocation", "GeoLocation\GeoLocation.csproj", "{3AF216BE-B5E4-4B53-81D6-2E9FDA537B83}"
EndProject
Project("{9A19103F-16F7-4668-BE54-9A1E7A4F7556}") = "devboost.Domain", "devboost.Domain\devboost.Domain.csproj", "{FA34DC34-BA4E-4EC8-8382-076106EED9A3}"
EndProject
Project("{9A19103F-16F7-4668-BE54-9A1E7A4F7556}") = "devboost.Repository", "devboost.Repository\devboost.Repository.csproj", "{4D7031C5-B372-4260-89A2-250F28B06876}"
EndProject
Project("{9A19103F-16F7-4668-BE54-9A1E7A4F7556}") = "devboost.Test", "devboost.Test\devboost.Test.csproj", "{FFEE7524-AD4F-4A5B-BDBF-D64C5EBC27FB}"
EndProject
Project("{FAE04EC0-301F-11D3-BF4B-00C04F79EFBC}") = "devboost.SpecFlowTest", "devboost.SpecFlowTest\devboost.SpecFlowTest.csproj", "{542610B0-73DC-4309-829D-05D4A236ECB1}"
EndProject
Global
	GlobalSection(SolutionConfigurationPlatforms) = preSolution
		Debug|Any CPU = Debug|Any CPU
		Release|Any CPU = Release|Any CPU
	EndGlobalSection
	GlobalSection(ProjectConfigurationPlatforms) = postSolution
		{498E5837-E00B-48C7-BC6C-67AAAE047E7B}.Debug|Any CPU.ActiveCfg = Debug|Any CPU
		{498E5837-E00B-48C7-BC6C-67AAAE047E7B}.Debug|Any CPU.Build.0 = Debug|Any CPU
		{498E5837-E00B-48C7-BC6C-67AAAE047E7B}.Release|Any CPU.ActiveCfg = Release|Any CPU
		{498E5837-E00B-48C7-BC6C-67AAAE047E7B}.Release|Any CPU.Build.0 = Release|Any CPU
		{3AF216BE-B5E4-4B53-81D6-2E9FDA537B83}.Debug|Any CPU.ActiveCfg = Debug|Any CPU
		{3AF216BE-B5E4-4B53-81D6-2E9FDA537B83}.Debug|Any CPU.Build.0 = Debug|Any CPU
		{3AF216BE-B5E4-4B53-81D6-2E9FDA537B83}.Release|Any CPU.ActiveCfg = Release|Any CPU
		{3AF216BE-B5E4-4B53-81D6-2E9FDA537B83}.Release|Any CPU.Build.0 = Release|Any CPU
		{FA34DC34-BA4E-4EC8-8382-076106EED9A3}.Debug|Any CPU.ActiveCfg = Debug|Any CPU
		{FA34DC34-BA4E-4EC8-8382-076106EED9A3}.Debug|Any CPU.Build.0 = Debug|Any CPU
		{FA34DC34-BA4E-4EC8-8382-076106EED9A3}.Release|Any CPU.ActiveCfg = Release|Any CPU
		{FA34DC34-BA4E-4EC8-8382-076106EED9A3}.Release|Any CPU.Build.0 = Release|Any CPU
		{4D7031C5-B372-4260-89A2-250F28B06876}.Debug|Any CPU.ActiveCfg = Debug|Any CPU
		{4D7031C5-B372-4260-89A2-250F28B06876}.Debug|Any CPU.Build.0 = Debug|Any CPU
		{4D7031C5-B372-4260-89A2-250F28B06876}.Release|Any CPU.ActiveCfg = Release|Any CPU
		{4D7031C5-B372-4260-89A2-250F28B06876}.Release|Any CPU.Build.0 = Release|Any CPU
		{FFEE7524-AD4F-4A5B-BDBF-D64C5EBC27FB}.Debug|Any CPU.ActiveCfg = Debug|Any CPU
		{FFEE7524-AD4F-4A5B-BDBF-D64C5EBC27FB}.Debug|Any CPU.Build.0 = Debug|Any CPU
		{FFEE7524-AD4F-4A5B-BDBF-D64C5EBC27FB}.Release|Any CPU.ActiveCfg = Release|Any CPU
		{FFEE7524-AD4F-4A5B-BDBF-D64C5EBC27FB}.Release|Any CPU.Build.0 = Release|Any CPU
		{542610B0-73DC-4309-829D-05D4A236ECB1}.Debug|Any CPU.ActiveCfg = Debug|Any CPU
		{542610B0-73DC-4309-829D-05D4A236ECB1}.Debug|Any CPU.Build.0 = Debug|Any CPU
		{542610B0-73DC-4309-829D-05D4A236ECB1}.Release|Any CPU.ActiveCfg = Release|Any CPU
		{542610B0-73DC-4309-829D-05D4A236ECB1}.Release|Any CPU.Build.0 = Release|Any CPU
	EndGlobalSection
	GlobalSection(SolutionProperties) = preSolution
		HideSolutionNode = FALSE
	EndGlobalSection
	GlobalSection(ExtensibilityGlobals) = postSolution
		SolutionGuid = {08345D69-ACBC-44EC-BF93-542673AD566F}
	EndGlobalSection
EndGlobal
